
Microsoft Visual Studio Solution File, Format Version 12.00
# Visual Studio Version 17
VisualStudioVersion = 17.6.33829.357
MinimumVisualStudioVersion = 10.0.40219.1
Project("{FAE04EC0-301F-11D3-BF4B-00C04F79EFBC}") = "webleitour", "webleitour.csproj", "{EF311BA4-C45A-42B9-8353-7EFC88D1957E}"
EndProject
Global
	GlobalSection(SolutionConfigurationPlatforms) = preSolution
		Debug|Any CPU = Debug|Any CPU
		Release|Any CPU = Release|Any CPU
	EndGlobalSection
	GlobalSection(ProjectConfigurationPlatforms) = postSolution
		{EF311BA4-C45A-42B9-8353-7EFC88D1957E}.Debug|Any CPU.ActiveCfg = Debug|Any CPU
		{EF311BA4-C45A-42B9-8353-7EFC88D1957E}.Debug|Any CPU.Build.0 = Debug|Any CPU
		{EF311BA4-C45A-42B9-8353-7EFC88D1957E}.Release|Any CPU.ActiveCfg = Release|Any CPU
		{EF311BA4-C45A-42B9-8353-7EFC88D1957E}.Release|Any CPU.Build.0 = Release|Any CPU
	EndGlobalSection
	GlobalSection(SolutionProperties) = preSolution
		HideSolutionNode = FALSE
	EndGlobalSection
	GlobalSection(ExtensibilityGlobals) = postSolution
		SolutionGuid = {AB3D4477-A556-4E0F-BA65-166F1A6A22FC}
	EndGlobalSection
EndGlobal
